// !$*UTF8*$!
{
	archiveVersion = 1;
	classes = {
	};
	objectVersion = 55;
	objects = {

/* Begin PBXBuildFile section */
		DD5B3BED272717300078542D /* ImageGalleryView.swift in Sources */ = {isa = PBXBuildFile; fileRef = DD5B3BEC272717300078542D /* ImageGalleryView.swift */; };
		DD5B3BEF272767BC0078542D /* ImageView.swift in Sources */ = {isa = PBXBuildFile; fileRef = DD5B3BEE272767BC0078542D /* ImageView.swift */; };
		DD91DEA827286B4300CE3EE3 /* PageViewController.swift in Sources */ = {isa = PBXBuildFile; fileRef = DD91DEA727286B4300CE3EE3 /* PageViewController.swift */; };
		DD91DEAB27286E4800CE3EE3 /* PageView.swift in Sources */ = {isa = PBXBuildFile; fileRef = DD91DEAA27286E4800CE3EE3 /* PageView.swift */; };
		DD91DEAD2728736F00CE3EE3 /* PageControl.swift in Sources */ = {isa = PBXBuildFile; fileRef = DD91DEAC2728736F00CE3EE3 /* PageControl.swift */; };
		DD91DEAF272886E700CE3EE3 /* Helpers.swift in Sources */ = {isa = PBXBuildFile; fileRef = DD91DEAE272886E700CE3EE3 /* Helpers.swift */; };
		DD91DEB4272896DA00CE3EE3 /* ImageLoadingView.swift in Sources */ = {isa = PBXBuildFile; fileRef = DD91DEB2272896D900CE3EE3 /* ImageLoadingView.swift */; };
		DD91DEB5272896DA00CE3EE3 /* ImageLoader.swift in Sources */ = {isa = PBXBuildFile; fileRef = DD91DEB3272896DA00CE3EE3 /* ImageLoader.swift */; };
		DDA5A0FC27220F4B00920723 /* CurrentsNewsApp.swift in Sources */ = {isa = PBXBuildFile; fileRef = DDA5A0FB27220F4B00920723 /* CurrentsNewsApp.swift */; };
		DDA5A10027220F4D00920723 /* Assets.xcassets in Resources */ = {isa = PBXBuildFile; fileRef = DDA5A0FF27220F4D00920723 /* Assets.xcassets */; };
		DDA5A10327220F4D00920723 /* Preview Assets.xcassets in Resources */ = {isa = PBXBuildFile; fileRef = DDA5A10227220F4D00920723 /* Preview Assets.xcassets */; };
		DDA5A10A2722118C00920723 /* Article.swift in Sources */ = {isa = PBXBuildFile; fileRef = DDA5A1092722118C00920723 /* Article.swift */; };
		DDA5A10E2722227E00920723 /* NewsFetcher.swift in Sources */ = {isa = PBXBuildFile; fileRef = DDA5A10D2722227E00920723 /* NewsFetcher.swift */; };
		DDBE0F7A2722E44900DDDB4B /* NewsListView.swift in Sources */ = {isa = PBXBuildFile; fileRef = DDBE0F792722E44900DDDB4B /* NewsListView.swift */; };
		DDBE48E92725786A00093607 /* NewsDetailView.swift in Sources */ = {isa = PBXBuildFile; fileRef = DDBE48E82725786A00093607 /* NewsDetailView.swift */; };
		DDBE48EE2725EF5D00093607 /* APIError.swift in Sources */ = {isa = PBXBuildFile; fileRef = DDBE48ED2725EF5D00093607 /* APIError.swift */; };
/* End PBXBuildFile section */

/* Begin PBXFileReference section */
		DD5B3BEC272717300078542D /* ImageGalleryView.swift */ = {isa = PBXFileReference; lastKnownFileType = sourcecode.swift; path = ImageGalleryView.swift; sourceTree = "<group>"; };
		DD5B3BEE272767BC0078542D /* ImageView.swift */ = {isa = PBXFileReference; lastKnownFileType = sourcecode.swift; path = ImageView.swift; sourceTree = "<group>"; };
		DD91DEA727286B4300CE3EE3 /* PageViewController.swift */ = {isa = PBXFileReference; lastKnownFileType = sourcecode.swift; path = PageViewController.swift; sourceTree = "<group>"; };
		DD91DEAA27286E4800CE3EE3 /* PageView.swift */ = {isa = PBXFileReference; lastKnownFileType = sourcecode.swift; path = PageView.swift; sourceTree = "<group>"; };
		DD91DEAC2728736F00CE3EE3 /* PageControl.swift */ = {isa = PBXFileReference; lastKnownFileType = sourcecode.swift; path = PageControl.swift; sourceTree = "<group>"; };
		DD91DEAE272886E700CE3EE3 /* Helpers.swift */ = {isa = PBXFileReference; lastKnownFileType = sourcecode.swift; path = Helpers.swift; sourceTree = "<group>"; };
		DD91DEB127288A5600CE3EE3 /* ResponseExample.json */ = {isa = PBXFileReference; lastKnownFileType = text.json; path = ResponseExample.json; sourceTree = "<group>"; };
		DD91DEB2272896D900CE3EE3 /* ImageLoadingView.swift */ = {isa = PBXFileReference; fileEncoding = 4; lastKnownFileType = sourcecode.swift; path = ImageLoadingView.swift; sourceTree = "<group>"; };
		DD91DEB3272896DA00CE3EE3 /* ImageLoader.swift */ = {isa = PBXFileReference; fileEncoding = 4; lastKnownFileType = sourcecode.swift; path = ImageLoader.swift; sourceTree = "<group>"; };
		DDA5A0F827220F4B00920723 /* CurrentsNews.app */ = {isa = PBXFileReference; explicitFileType = wrapper.application; includeInIndex = 0; path = CurrentsNews.app; sourceTree = BUILT_PRODUCTS_DIR; };
		DDA5A0FB27220F4B00920723 /* CurrentsNewsApp.swift */ = {isa = PBXFileReference; lastKnownFileType = sourcecode.swift; path = CurrentsNewsApp.swift; sourceTree = "<group>"; };
		DDA5A0FF27220F4D00920723 /* Assets.xcassets */ = {isa = PBXFileReference; lastKnownFileType = folder.assetcatalog; path = Assets.xcassets; sourceTree = "<group>"; };
		DDA5A10227220F4D00920723 /* Preview Assets.xcassets */ = {isa = PBXFileReference; lastKnownFileType = folder.assetcatalog; path = "Preview Assets.xcassets"; sourceTree = "<group>"; };
		DDA5A1092722118C00920723 /* Article.swift */ = {isa = PBXFileReference; lastKnownFileType = sourcecode.swift; path = Article.swift; sourceTree = "<group>"; };
		DDA5A10D2722227E00920723 /* NewsFetcher.swift */ = {isa = PBXFileReference; lastKnownFileType = sourcecode.swift; path = NewsFetcher.swift; sourceTree = "<group>"; };
		DDBE0F792722E44900DDDB4B /* NewsListView.swift */ = {isa = PBXFileReference; lastKnownFileType = sourcecode.swift; path = NewsListView.swift; sourceTree = "<group>"; };
		DDBE48E82725786A00093607 /* NewsDetailView.swift */ = {isa = PBXFileReference; lastKnownFileType = sourcecode.swift; path = NewsDetailView.swift; sourceTree = "<group>"; };
		DDBE48ED2725EF5D00093607 /* APIError.swift */ = {isa = PBXFileReference; lastKnownFileType = sourcecode.swift; path = APIError.swift; sourceTree = "<group>"; };
/* End PBXFileReference section */

/* Begin PBXFrameworksBuildPhase section */
		DDA5A0F527220F4B00920723 /* Frameworks */ = {
			isa = PBXFrameworksBuildPhase;
			buildActionMask = 2147483647;
			files = (
			);
			runOnlyForDeploymentPostprocessing = 0;
		};
/* End PBXFrameworksBuildPhase section */

/* Begin PBXGroup section */
		DD91DEA927286CCC00CE3EE3 /* PageView */ = {
			isa = PBXGroup;
			children = (
				DD91DEA727286B4300CE3EE3 /* PageViewController.swift */,
				DD91DEAA27286E4800CE3EE3 /* PageView.swift */,
				DD91DEAC2728736F00CE3EE3 /* PageControl.swift */,
			);
			path = PageView;
			sourceTree = "<group>";
		};
		DDA5A0EF27220F4B00920723 = {
			isa = PBXGroup;
			children = (
				DDA5A0FA27220F4B00920723 /* CurrentsNews */,
				DDA5A0F927220F4B00920723 /* Products */,
			);
			sourceTree = "<group>";
		};
		DDA5A0F927220F4B00920723 /* Products */ = {
			isa = PBXGroup;
			children = (
				DDA5A0F827220F4B00920723 /* CurrentsNews.app */,
			);
			name = Products;
			sourceTree = "<group>";
		};
		DDA5A0FA27220F4B00920723 /* CurrentsNews */ = {
			isa = PBXGroup;
			children = (
				DD91DEB127288A5600CE3EE3 /* ResponseExample.json */,
				DDBE48F02725F2BD00093607 /* Networking */,
				DDBE48EF2725F2B600093607 /* Views */,
				DDBE48F12725F31400093607 /* Models */,
				DDA5A0FB27220F4B00920723 /* CurrentsNewsApp.swift */,
				DD91DEAE272886E700CE3EE3 /* Helpers.swift */,
				DDA5A0FF27220F4D00920723 /* Assets.xcassets */,
				DDA5A10127220F4D00920723 /* Preview Content */,
			);
			path = CurrentsNews;
			sourceTree = "<group>";
		};
		DDA5A10127220F4D00920723 /* Preview Content */ = {
			isa = PBXGroup;
			children = (
				DDA5A10227220F4D00920723 /* Preview Assets.xcassets */,
			);
			path = "Preview Content";
			sourceTree = "<group>";
		};
		DDBE48EF2725F2B600093607 /* Views */ = {
			isa = PBXGroup;
			children = (
				DD91DEA927286CCC00CE3EE3 /* PageView */,
				DDBE0F792722E44900DDDB4B /* NewsListView.swift */,
				DDBE48E82725786A00093607 /* NewsDetailView.swift */,
				DD5B3BEE272767BC0078542D /* ImageView.swift */,
				DD5B3BEC272717300078542D /* ImageGalleryView.swift */,
				DD91DEB2272896D900CE3EE3 /* ImageLoadingView.swift */,
			);
			path = Views;
			sourceTree = "<group>";
		};
		DDBE48F02725F2BD00093607 /* Networking */ = {
			isa = PBXGroup;
			children = (
				DDBE48ED2725EF5D00093607 /* APIError.swift */,
				DDA5A10D2722227E00920723 /* NewsFetcher.swift */,
				DD91DEB3272896DA00CE3EE3 /* ImageLoader.swift */,
			);
			path = Networking;
			sourceTree = "<group>";
		};
		DDBE48F12725F31400093607 /* Models */ = {
			isa = PBXGroup;
			children = (
				DDA5A1092722118C00920723 /* Article.swift */,
			);
			path = Models;
			sourceTree = "<group>";
		};
/* End PBXGroup section */

/* Begin PBXNativeTarget section */
		DDA5A0F727220F4B00920723 /* CurrentsNews */ = {
			isa = PBXNativeTarget;
			buildConfigurationList = DDA5A10627220F4D00920723 /* Build configuration list for PBXNativeTarget "CurrentsNews" */;
			buildPhases = (
				DDA5A0F427220F4B00920723 /* Sources */,
				DDA5A0F527220F4B00920723 /* Frameworks */,
				DDA5A0F627220F4B00920723 /* Resources */,
			);
			buildRules = (
			);
			dependencies = (
			);
			name = CurrentsNews;
			productName = CurrentsNews;
			productReference = DDA5A0F827220F4B00920723 /* CurrentsNews.app */;
			productType = "com.apple.product-type.application";
		};
/* End PBXNativeTarget section */

/* Begin PBXProject section */
		DDA5A0F027220F4B00920723 /* Project object */ = {
			isa = PBXProject;
			attributes = {
				BuildIndependentTargetsInParallel = 1;
				LastSwiftUpdateCheck = 1300;
				LastUpgradeCheck = 1300;
				TargetAttributes = {
					DDA5A0F727220F4B00920723 = {
						CreatedOnToolsVersion = 13.0;
					};
				};
			};
			buildConfigurationList = DDA5A0F327220F4B00920723 /* Build configuration list for PBXProject "CurrentsNews" */;
			compatibilityVersion = "Xcode 13.0";
			developmentRegion = en;
			hasScannedForEncodings = 0;
			knownRegions = (
				en,
				Base,
			);
			mainGroup = DDA5A0EF27220F4B00920723;
			productRefGroup = DDA5A0F927220F4B00920723 /* Products */;
			projectDirPath = "";
			projectRoot = "";
			targets = (
				DDA5A0F727220F4B00920723 /* CurrentsNews */,
			);
		};
/* End PBXProject section */

/* Begin PBXResourcesBuildPhase section */
		DDA5A0F627220F4B00920723 /* Resources */ = {
			isa = PBXResourcesBuildPhase;
			buildActionMask = 2147483647;
			files = (
				DDA5A10327220F4D00920723 /* Preview Assets.xcassets in Resources */,
				DDA5A10027220F4D00920723 /* Assets.xcassets in Resources */,
			);
			runOnlyForDeploymentPostprocessing = 0;
		};
/* End PBXResourcesBuildPhase section */

/* Begin PBXSourcesBuildPhase section */
		DDA5A0F427220F4B00920723 /* Sources */ = {
			isa = PBXSourcesBuildPhase;
			buildActionMask = 2147483647;
			files = (
				DD91DEB5272896DA00CE3EE3 /* ImageLoader.swift in Sources */,
				DD91DEB4272896DA00CE3EE3 /* ImageLoadingView.swift in Sources */,
				DDA5A10E2722227E00920723 /* NewsFetcher.swift in Sources */,
				DD91DEAF272886E700CE3EE3 /* Helpers.swift in Sources */,
				DDBE0F7A2722E44900DDDB4B /* NewsListView.swift in Sources */,
				DD91DEAB27286E4800CE3EE3 /* PageView.swift in Sources */,
				DD91DEAD2728736F00CE3EE3 /* PageControl.swift in Sources */,
				DD91DEA827286B4300CE3EE3 /* PageViewController.swift in Sources */,
				DDBE48E92725786A00093607 /* NewsDetailView.swift in Sources */,
				DD5B3BEF272767BC0078542D /* ImageView.swift in Sources */,
				DDA5A0FC27220F4B00920723 /* CurrentsNewsApp.swift in Sources */,
				DDA5A10A2722118C00920723 /* Article.swift in Sources */,
				DD5B3BED272717300078542D /* ImageGalleryView.swift in Sources */,
				DDBE48EE2725EF5D00093607 /* APIError.swift in Sources */,
			);
			runOnlyForDeploymentPostprocessing = 0;
		};
/* End PBXSourcesBuildPhase section */

/* Begin XCBuildConfiguration section */
		DDA5A10427220F4D00920723 /* Debug */ = {
			isa = XCBuildConfiguration;
			buildSettings = {
				ALWAYS_SEARCH_USER_PATHS = NO;
				CLANG_ANALYZER_NONNULL = YES;
				CLANG_ANALYZER_NUMBER_OBJECT_CONVERSION = YES_AGGRESSIVE;
				CLANG_CXX_LANGUAGE_STANDARD = "gnu++17";
				CLANG_CXX_LIBRARY = "libc++";
				CLANG_ENABLE_MODULES = YES;
				CLANG_ENABLE_OBJC_ARC = YES;
				CLANG_ENABLE_OBJC_WEAK = YES;
				CLANG_WARN_BLOCK_CAPTURE_AUTORELEASING = YES;
				CLANG_WARN_BOOL_CONVERSION = YES;
				CLANG_WARN_COMMA = YES;
				CLANG_WARN_CONSTANT_CONVERSION = YES;
				CLANG_WARN_DEPRECATED_OBJC_IMPLEMENTATIONS = YES;
				CLANG_WARN_DIRECT_OBJC_ISA_USAGE = YES_ERROR;
				CLANG_WARN_DOCUMENTATION_COMMENTS = YES;
				CLANG_WARN_EMPTY_BODY = YES;
				CLANG_WARN_ENUM_CONVERSION = YES;
				CLANG_WARN_INFINITE_RECURSION = YES;
				CLANG_WARN_INT_CONVERSION = YES;
				CLANG_WARN_NON_LITERAL_NULL_CONVERSION = YES;
				CLANG_WARN_OBJC_IMPLICIT_RETAIN_SELF = YES;
				CLANG_WARN_OBJC_LITERAL_CONVERSION = YES;
				CLANG_WARN_OBJC_ROOT_CLASS = YES_ERROR;
				CLANG_WARN_QUOTED_INCLUDE_IN_FRAMEWORK_HEADER = YES;
				CLANG_WARN_RANGE_LOOP_ANALYSIS = YES;
				CLANG_WARN_STRICT_PROTOTYPES = YES;
				CLANG_WARN_SUSPICIOUS_MOVE = YES;
				CLANG_WARN_UNGUARDED_AVAILABILITY = YES_AGGRESSIVE;
				CLANG_WARN_UNREACHABLE_CODE = YES;
				CLANG_WARN__DUPLICATE_METHOD_MATCH = YES;
				COPY_PHASE_STRIP = NO;
				DEBUG_INFORMATION_FORMAT = dwarf;
				ENABLE_STRICT_OBJC_MSGSEND = YES;
				ENABLE_TESTABILITY = YES;
				GCC_C_LANGUAGE_STANDARD = gnu11;
				GCC_DYNAMIC_NO_PIC = NO;
				GCC_NO_COMMON_BLOCKS = YES;
				GCC_OPTIMIZATION_LEVEL = 0;
				GCC_PREPROCESSOR_DEFINITIONS = (
					"DEBUG=1",
					"$(inherited)",
				);
				GCC_WARN_64_TO_32_BIT_CONVERSION = YES;
				GCC_WARN_ABOUT_RETURN_TYPE = YES_ERROR;
				GCC_WARN_UNDECLARED_SELECTOR = YES;
				GCC_WARN_UNINITIALIZED_AUTOS = YES_AGGRESSIVE;
				GCC_WARN_UNUSED_FUNCTION = YES;
				GCC_WARN_UNUSED_VARIABLE = YES;
				IPHONEOS_DEPLOYMENT_TARGET = 15.0;
				MTL_ENABLE_DEBUG_INFO = INCLUDE_SOURCE;
				MTL_FAST_MATH = YES;
				ONLY_ACTIVE_ARCH = YES;
				SDKROOT = iphoneos;
				SWIFT_ACTIVE_COMPILATION_CONDITIONS = DEBUG;
				SWIFT_OPTIMIZATION_LEVEL = "-Onone";
			};
			name = Debug;
		};
		DDA5A10527220F4D00920723 /* Release */ = {
			isa = XCBuildConfiguration;
			buildSettings = {
				ALWAYS_SEARCH_USER_PATHS = NO;
				CLANG_ANALYZER_NONNULL = YES;
				CLANG_ANALYZER_NUMBER_OBJECT_CONVERSION = YES_AGGRESSIVE;
				CLANG_CXX_LANGUAGE_STANDARD = "gnu++17";
				CLANG_CXX_LIBRARY = "libc++";
				CLANG_ENABLE_MODULES = YES;
				CLANG_ENABLE_OBJC_ARC = YES;
				CLANG_ENABLE_OBJC_WEAK = YES;
				CLANG_WARN_BLOCK_CAPTURE_AUTORELEASING = YES;
				CLANG_WARN_BOOL_CONVERSION = YES;
				CLANG_WARN_COMMA = YES;
				CLANG_WARN_CONSTANT_CONVERSION = YES;
				CLANG_WARN_DEPRECATED_OBJC_IMPLEMENTATIONS = YES;
				CLANG_WARN_DIRECT_OBJC_ISA_USAGE = YES_ERROR;
				CLANG_WARN_DOCUMENTATION_COMMENTS = YES;
				CLANG_WARN_EMPTY_BODY = YES;
				CLANG_WARN_ENUM_CONVERSION = YES;
				CLANG_WARN_INFINITE_RECURSION = YES;
				CLANG_WARN_INT_CONVERSION = YES;
				CLANG_WARN_NON_LITERAL_NULL_CONVERSION = YES;
				CLANG_WARN_OBJC_IMPLICIT_RETAIN_SELF = YES;
				CLANG_WARN_OBJC_LITERAL_CONVERSION = YES;
				CLANG_WARN_OBJC_ROOT_CLASS = YES_ERROR;
				CLANG_WARN_QUOTED_INCLUDE_IN_FRAMEWORK_HEADER = YES;
				CLANG_WARN_RANGE_LOOP_ANALYSIS = YES;
				CLANG_WARN_STRICT_PROTOTYPES = YES;
				CLANG_WARN_SUSPICIOUS_MOVE = YES;
				CLANG_WARN_UNGUARDED_AVAILABILITY = YES_AGGRESSIVE;
				CLANG_WARN_UNREACHABLE_CODE = YES;
				CLANG_WARN__DUPLICATE_METHOD_MATCH = YES;
				COPY_PHASE_STRIP = NO;
				DEBUG_INFORMATION_FORMAT = "dwarf-with-dsym";
				ENABLE_NS_ASSERTIONS = NO;
				ENABLE_STRICT_OBJC_MSGSEND = YES;
				GCC_C_LANGUAGE_STANDARD = gnu11;
				GCC_NO_COMMON_BLOCKS = YES;
				GCC_WARN_64_TO_32_BIT_CONVERSION = YES;
				GCC_WARN_ABOUT_RETURN_TYPE = YES_ERROR;
				GCC_WARN_UNDECLARED_SELECTOR = YES;
				GCC_WARN_UNINITIALIZED_AUTOS = YES_AGGRESSIVE;
				GCC_WARN_UNUSED_FUNCTION = YES;
				GCC_WARN_UNUSED_VARIABLE = YES;
				IPHONEOS_DEPLOYMENT_TARGET = 15.0;
				MTL_ENABLE_DEBUG_INFO = NO;
				MTL_FAST_MATH = YES;
				SDKROOT = iphoneos;
				SWIFT_COMPILATION_MODE = wholemodule;
				SWIFT_OPTIMIZATION_LEVEL = "-O";
				VALIDATE_PRODUCT = YES;
			};
			name = Release;
		};
		DDA5A10727220F4D00920723 /* Debug */ = {
			isa = XCBuildConfiguration;
			buildSettings = {
				ASSETCATALOG_COMPILER_APPICON_NAME = AppIcon;
				ASSETCATALOG_COMPILER_GLOBAL_ACCENT_COLOR_NAME = AccentColor;
				CODE_SIGN_STYLE = Automatic;
				CURRENT_PROJECT_VERSION = 1;
				DEVELOPMENT_ASSET_PATHS = "\"CurrentsNews/Preview Content\"";
				DEVELOPMENT_TEAM = FDT69Y2CLT;
				ENABLE_PREVIEWS = YES;
				GENERATE_INFOPLIST_FILE = YES;
				INFOPLIST_KEY_UIApplicationSceneManifest_Generation = YES;
				INFOPLIST_KEY_UIApplicationSupportsIndirectInputEvents = YES;
				INFOPLIST_KEY_UILaunchScreen_Generation = YES;
				INFOPLIST_KEY_UISupportedInterfaceOrientations_iPad = "UIInterfaceOrientationPortrait UIInterfaceOrientationPortraitUpsideDown UIInterfaceOrientationLandscapeLeft UIInterfaceOrientationLandscapeRight";
				INFOPLIST_KEY_UISupportedInterfaceOrientations_iPhone = "UIInterfaceOrientationPortrait UIInterfaceOrientationLandscapeLeft UIInterfaceOrientationLandscapeRight";
				IPHONEOS_DEPLOYMENT_TARGET = 15.0;
				LD_RUNPATH_SEARCH_PATHS = (
					"$(inherited)",
					"@executable_path/Frameworks",
				);
				MARKETING_VERSION = 1.0;
				PRODUCT_BUNDLE_IDENTIFIER = vadimburkin.CurrentsNews;
				PRODUCT_NAME = CurrentsNews;
				SWIFT_EMIT_LOC_STRINGS = YES;
				SWIFT_VERSION = 5.0;
				TARGETED_DEVICE_FAMILY = "1,2";
			};
			name = Debug;
		};
		DDA5A10827220F4D00920723 /* Release */ = {
			isa = XCBuildConfiguration;
			buildSettings = {
				ASSETCATALOG_COMPILER_APPICON_NAME = AppIcon;
				ASSETCATALOG_COMPILER_GLOBAL_ACCENT_COLOR_NAME = AccentColor;
				CODE_SIGN_STYLE = Automatic;
				CURRENT_PROJECT_VERSION = 1;
				DEVELOPMENT_ASSET_PATHS = "\"CurrentsNews/Preview Content\"";
				DEVELOPMENT_TEAM = FDT69Y2CLT;
				ENABLE_PREVIEWS = YES;
				GENERATE_INFOPLIST_FILE = YES;
				INFOPLIST_KEY_UIApplicationSceneManifest_Generation = YES;
				INFOPLIST_KEY_UIApplicationSupportsIndirectInputEvents = YES;
				INFOPLIST_KEY_UILaunchScreen_Generation = YES;
				INFOPLIST_KEY_UISupportedInterfaceOrientations_iPad = "UIInterfaceOrientationPortrait UIInterfaceOrientationPortraitUpsideDown UIInterfaceOrientationLandscapeLeft UIInterfaceOrientationLandscapeRight";
				INFOPLIST_KEY_UISupportedInterfaceOrientations_iPhone = "UIInterfaceOrientationPortrait UIInterfaceOrientationLandscapeLeft UIInterfaceOrientationLandscapeRight";
				IPHONEOS_DEPLOYMENT_TARGET = 15.0;
				LD_RUNPATH_SEARCH_PATHS = (
					"$(inherited)",
					"@executable_path/Frameworks",
				);
				MARKETING_VERSION = 1.0;
				PRODUCT_BUNDLE_IDENTIFIER = vadimburkin.CurrentsNews;
				PRODUCT_NAME = CurrentsNews;
				SWIFT_EMIT_LOC_STRINGS = YES;
				SWIFT_VERSION = 5.0;
				TARGETED_DEVICE_FAMILY = "1,2";
			};
			name = Release;
		};
/* End XCBuildConfiguration section */

/* Begin XCConfigurationList section */
		DDA5A0F327220F4B00920723 /* Build configuration list for PBXProject "CurrentsNews" */ = {
			isa = XCConfigurationList;
			buildConfigurations = (
				DDA5A10427220F4D00920723 /* Debug */,
				DDA5A10527220F4D00920723 /* Release */,
			);
			defaultConfigurationIsVisible = 0;
			defaultConfigurationName = Release;
		};
		DDA5A10627220F4D00920723 /* Build configuration list for PBXNativeTarget "CurrentsNews" */ = {
			isa = XCConfigurationList;
			buildConfigurations = (
				DDA5A10727220F4D00920723 /* Debug */,
				DDA5A10827220F4D00920723 /* Release */,
			);
			defaultConfigurationIsVisible = 0;
			defaultConfigurationName = Release;
		};
/* End XCConfigurationList section */
	};
	rootObject = DDA5A0F027220F4B00920723 /* Project object */;
}
